// !$*UTF8*$!
{
	archiveVersion = 1;
	classes = {
	};
	objectVersion = 46;
	objects = {

/* Begin PBXBuildFile section */
		455C624E1D850F67006DEEEB /* bridge2.png in Resources */ = {isa = PBXBuildFile; fileRef = 455C624D1D850F67006DEEEB /* bridge2.png */; };
		455C62501D850F6B006DEEEB /* bridge1.png in Resources */ = {isa = PBXBuildFile; fileRef = 455C624F1D850F6B006DEEEB /* bridge1.png */; };
		455C62521D850F73006DEEEB /* tree.png in Resources */ = {isa = PBXBuildFile; fileRef = 455C62511D850F73006DEEEB /* tree.png */; };
		4568F1EE1D8457EC00D70B3E /* AppDelegate.swift in Sources */ = {isa = PBXBuildFile; fileRef = 4568F1ED1D8457EC00D70B3E /* AppDelegate.swift */; };
		4568F1F01D8457EC00D70B3E /* GameScene.sks in Resources */ = {isa = PBXBuildFile; fileRef = 4568F1EF1D8457EC00D70B3E /* GameScene.sks */; };
		4568F1F21D8457EC00D70B3E /* GameScene.swift in Sources */ = {isa = PBXBuildFile; fileRef = 4568F1F11D8457EC00D70B3E /* GameScene.swift */; };
		4568F1F41D8457EC00D70B3E /* GameViewController.swift in Sources */ = {isa = PBXBuildFile; fileRef = 4568F1F31D8457EC00D70B3E /* GameViewController.swift */; };
		4568F1F71D8457EC00D70B3E /* Main.storyboard in Resources */ = {isa = PBXBuildFile; fileRef = 4568F1F51D8457EC00D70B3E /* Main.storyboard */; };
		4568F1F91D8457EC00D70B3E /* Assets.xcassets in Resources */ = {isa = PBXBuildFile; fileRef = 4568F1F81D8457EC00D70B3E /* Assets.xcassets */; };
		4568F1FC1D8457EC00D70B3E /* LaunchScreen.storyboard in Resources */ = {isa = PBXBuildFile; fileRef = 4568F1FA1D8457EC00D70B3E /* LaunchScreen.storyboard */; };
		4568F20C1D8457FE00D70B3E /* Car.png in Resources */ = {isa = PBXBuildFile; fileRef = 4568F2051D8457FE00D70B3E /* Car.png */; };
		4568F20D1D8457FE00D70B3E /* EnemyCar1.png in Resources */ = {isa = PBXBuildFile; fileRef = 4568F2061D8457FE00D70B3E /* EnemyCar1.png */; };
		4568F20F1D8457FE00D70B3E /* EnemyCar3.png in Resources */ = {isa = PBXBuildFile; fileRef = 4568F2081D8457FE00D70B3E /* EnemyCar3.png */; };
		4568F2101D8457FE00D70B3E /* health.png in Resources */ = {isa = PBXBuildFile; fileRef = 4568F2091D8457FE00D70B3E /* health.png */; };
		4568F2111D8457FE00D70B3E /* PoliceCar.png in Resources */ = {isa = PBXBuildFile; fileRef = 4568F20A1D8457FE00D70B3E /* PoliceCar.png */; };
		4568F2131D8458DD00D70B3E /* EnemyCar2.png in Resources */ = {isa = PBXBuildFile; fileRef = 4568F2121D8458DD00D70B3E /* EnemyCar2.png */; };
		4568F2151D845D6000D70B3E /* backGround.png in Resources */ = {isa = PBXBuildFile; fileRef = 4568F2141D845D6000D70B3E /* backGround.png */; };
		4568F2181D84605100D70B3E /* CGPointUtil.swift in Sources */ = {isa = PBXBuildFile; fileRef = 4568F2171D84605100D70B3E /* CGPointUtil.swift */; };
		4568F21A1D8463B900D70B3E /* PoliceCar1.png in Resources */ = {isa = PBXBuildFile; fileRef = 4568F2191D8463B900D70B3E /* PoliceCar1.png */; };
/* End PBXBuildFile section */

/* Begin PBXFileReference section */
		455C624D1D850F67006DEEEB /* bridge2.png */ = {isa = PBXFileReference; lastKnownFileType = image.png; path = bridge2.png; sourceTree = "<group>"; };
		455C624F1D850F6B006DEEEB /* bridge1.png */ = {isa = PBXFileReference; lastKnownFileType = image.png; path = bridge1.png; sourceTree = "<group>"; };
		455C62511D850F73006DEEEB /* tree.png */ = {isa = PBXFileReference; lastKnownFileType = image.png; path = tree.png; sourceTree = "<group>"; };
		4568F1EA1D8457EC00D70B3E /* Oto.app */ = {isa = PBXFileReference; explicitFileType = wrapper.application; includeInIndex = 0; path = Oto.app; sourceTree = BUILT_PRODUCTS_DIR; };
		4568F1ED1D8457EC00D70B3E /* AppDelegate.swift */ = {isa = PBXFileReference; lastKnownFileType = sourcecode.swift; path = AppDelegate.swift; sourceTree = "<group>"; };
		4568F1EF1D8457EC00D70B3E /* GameScene.sks */ = {isa = PBXFileReference; lastKnownFileType = file.sks; path = GameScene.sks; sourceTree = "<group>"; };
		4568F1F11D8457EC00D70B3E /* GameScene.swift */ = {isa = PBXFileReference; lastKnownFileType = sourcecode.swift; path = GameScene.swift; sourceTree = "<group>"; };
		4568F1F31D8457EC00D70B3E /* GameViewController.swift */ = {isa = PBXFileReference; lastKnownFileType = sourcecode.swift; path = GameViewController.swift; sourceTree = "<group>"; };
		4568F1F61D8457EC00D70B3E /* Base */ = {isa = PBXFileReference; lastKnownFileType = file.storyboard; name = Base; path = Base.lproj/Main.storyboard; sourceTree = "<group>"; };
		4568F1F81D8457EC00D70B3E /* Assets.xcassets */ = {isa = PBXFileReference; lastKnownFileType = folder.assetcatalog; path = Assets.xcassets; sourceTree = "<group>"; };
		4568F1FB1D8457EC00D70B3E /* Base */ = {isa = PBXFileReference; lastKnownFileType = file.storyboard; name = Base; path = Base.lproj/LaunchScreen.storyboard; sourceTree = "<group>"; };
		4568F1FD1D8457EC00D70B3E /* Info.plist */ = {isa = PBXFileReference; lastKnownFileType = text.plist.xml; path = Info.plist; sourceTree = "<group>"; };
		4568F2051D8457FE00D70B3E /* Car.png */ = {isa = PBXFileReference; lastKnownFileType = image.png; path = Car.png; sourceTree = "<group>"; };
		4568F2061D8457FE00D70B3E /* EnemyCar1.png */ = {isa = PBXFileReference; lastKnownFileType = image.png; path = EnemyCar1.png; sourceTree = "<group>"; };
		4568F2081D8457FE00D70B3E /* EnemyCar3.png */ = {isa = PBXFileReference; lastKnownFileType = image.png; path = EnemyCar3.png; sourceTree = "<group>"; };
		4568F2091D8457FE00D70B3E /* health.png */ = {isa = PBXFileReference; lastKnownFileType = image.png; path = health.png; sourceTree = "<group>"; };
		4568F20A1D8457FE00D70B3E /* PoliceCar.png */ = {isa = PBXFileReference; lastKnownFileType = image.png; path = PoliceCar.png; sourceTree = "<group>"; };
		4568F2121D8458DD00D70B3E /* EnemyCar2.png */ = {isa = PBXFileReference; lastKnownFileType = image.png; path = EnemyCar2.png; sourceTree = "<group>"; };
		4568F2141D845D6000D70B3E /* backGround.png */ = {isa = PBXFileReference; lastKnownFileType = image.png; path = backGround.png; sourceTree = "<group>"; };
		4568F2171D84605100D70B3E /* CGPointUtil.swift */ = {isa = PBXFileReference; fileEncoding = 4; lastKnownFileType = sourcecode.swift; path = CGPointUtil.swift; sourceTree = "<group>"; };
		4568F2191D8463B900D70B3E /* PoliceCar1.png */ = {isa = PBXFileReference; lastKnownFileType = image.png; path = PoliceCar1.png; sourceTree = "<group>"; };
/* End PBXFileReference section */

/* Begin PBXFrameworksBuildPhase section */
		4568F1E71D8457EC00D70B3E /* Frameworks */ = {
			isa = PBXFrameworksBuildPhase;
			buildActionMask = 2147483647;
			files = (
			);
			runOnlyForDeploymentPostprocessing = 0;
		};
/* End PBXFrameworksBuildPhase section */

/* Begin PBXGroup section */
		4568F1E11D8457EC00D70B3E = {
			isa = PBXGroup;
			children = (
				4568F1EC1D8457EC00D70B3E /* Oto */,
				4568F1EB1D8457EC00D70B3E /* Products */,
			);
			sourceTree = "<group>";
		};
		4568F1EB1D8457EC00D70B3E /* Products */ = {
			isa = PBXGroup;
			children = (
				4568F1EA1D8457EC00D70B3E /* Oto.app */,
			);
			name = Products;
			sourceTree = "<group>";
		};
		4568F1EC1D8457EC00D70B3E /* Oto */ = {
			isa = PBXGroup;
			children = (
				4568F2161D84603200D70B3E /* Utilities */,
				4568F2031D8457FE00D70B3E /* Images */,
				4568F1ED1D8457EC00D70B3E /* AppDelegate.swift */,
				4568F1EF1D8457EC00D70B3E /* GameScene.sks */,
				4568F1F11D8457EC00D70B3E /* GameScene.swift */,
				4568F1F31D8457EC00D70B3E /* GameViewController.swift */,
				4568F1F51D8457EC00D70B3E /* Main.storyboard */,
				4568F1F81D8457EC00D70B3E /* Assets.xcassets */,
				4568F1FA1D8457EC00D70B3E /* LaunchScreen.storyboard */,
				4568F1FD1D8457EC00D70B3E /* Info.plist */,
			);
			path = Oto;
			sourceTree = "<group>";
		};
		4568F2031D8457FE00D70B3E /* Images */ = {
			isa = PBXGroup;
			children = (
				455C62511D850F73006DEEEB /* tree.png */,
				455C624F1D850F6B006DEEEB /* bridge1.png */,
				455C624D1D850F67006DEEEB /* bridge2.png */,
				4568F2141D845D6000D70B3E /* backGround.png */,
				4568F2051D8457FE00D70B3E /* Car.png */,
				4568F2061D8457FE00D70B3E /* EnemyCar1.png */,
				4568F2121D8458DD00D70B3E /* EnemyCar2.png */,
				4568F2081D8457FE00D70B3E /* EnemyCar3.png */,
				4568F2091D8457FE00D70B3E /* health.png */,
				4568F20A1D8457FE00D70B3E /* PoliceCar.png */,
				4568F2191D8463B900D70B3E /* PoliceCar1.png */,
			);
			path = Images;
			sourceTree = "<group>";
		};
		4568F2161D84603200D70B3E /* Utilities */ = {
			isa = PBXGroup;
			children = (
				4568F2171D84605100D70B3E /* CGPointUtil.swift */,
			);
			name = Utilities;
			sourceTree = "<group>";
		};
/* End PBXGroup section */

/* Begin PBXNativeTarget section */
		4568F1E91D8457EC00D70B3E /* Oto */ = {
			isa = PBXNativeTarget;
			buildConfigurationList = 4568F2001D8457EC00D70B3E /* Build configuration list for PBXNativeTarget "Oto" */;
			buildPhases = (
				4568F1E61D8457EC00D70B3E /* Sources */,
				4568F1E71D8457EC00D70B3E /* Frameworks */,
				4568F1E81D8457EC00D70B3E /* Resources */,
			);
			buildRules = (
			);
			dependencies = (
			);
			name = Oto;
			productName = Oto;
			productReference = 4568F1EA1D8457EC00D70B3E /* Oto.app */;
			productType = "com.apple.product-type.application";
		};
/* End PBXNativeTarget section */

/* Begin PBXProject section */
		4568F1E21D8457EC00D70B3E /* Project object */ = {
			isa = PBXProject;
			attributes = {
				LastSwiftUpdateCheck = 0730;
				LastUpgradeCheck = 0730;
				ORGANIZATIONNAME = Enrik;
				TargetAttributes = {
					4568F1E91D8457EC00D70B3E = {
						CreatedOnToolsVersion = 7.3.1;
					};
				};
			};
			buildConfigurationList = 4568F1E51D8457EC00D70B3E /* Build configuration list for PBXProject "Oto" */;
			compatibilityVersion = "Xcode 3.2";
			developmentRegion = English;
			hasScannedForEncodings = 0;
			knownRegions = (
				en,
				Base,
			);
			mainGroup = 4568F1E11D8457EC00D70B3E;
			productRefGroup = 4568F1EB1D8457EC00D70B3E /* Products */;
			projectDirPath = "";
			projectRoot = "";
			targets = (
				4568F1E91D8457EC00D70B3E /* Oto */,
			);
		};
/* End PBXProject section */

/* Begin PBXResourcesBuildPhase section */
		4568F1E81D8457EC00D70B3E /* Resources */ = {
			isa = PBXResourcesBuildPhase;
			buildActionMask = 2147483647;
			files = (
				4568F20C1D8457FE00D70B3E /* Car.png in Resources */,
				455C624E1D850F67006DEEEB /* bridge2.png in Resources */,
				4568F1F01D8457EC00D70B3E /* GameScene.sks in Resources */,
				4568F1FC1D8457EC00D70B3E /* LaunchScreen.storyboard in Resources */,
				4568F2101D8457FE00D70B3E /* health.png in Resources */,
				4568F1F91D8457EC00D70B3E /* Assets.xcassets in Resources */,
				4568F2111D8457FE00D70B3E /* PoliceCar.png in Resources */,
				4568F2131D8458DD00D70B3E /* EnemyCar2.png in Resources */,
				4568F1F71D8457EC00D70B3E /* Main.storyboard in Resources */,
				4568F21A1D8463B900D70B3E /* PoliceCar1.png in Resources */,
				4568F2151D845D6000D70B3E /* backGround.png in Resources */,
				455C62521D850F73006DEEEB /* tree.png in Resources */,
				4568F20D1D8457FE00D70B3E /* EnemyCar1.png in Resources */,
				455C62501D850F6B006DEEEB /* bridge1.png in Resources */,
				4568F20F1D8457FE00D70B3E /* EnemyCar3.png in Resources */,
			);
			runOnlyForDeploymentPostprocessing = 0;
		};
/* End PBXResourcesBuildPhase section */

/* Begin PBXSourcesBuildPhase section */
		4568F1E61D8457EC00D70B3E /* Sources */ = {
			isa = PBXSourcesBuildPhase;
			buildActionMask = 2147483647;
			files = (
				4568F1F21D8457EC00D70B3E /* GameScene.swift in Sources */,
				4568F1F41D8457EC00D70B3E /* GameViewController.swift in Sources */,
				4568F2181D84605100D70B3E /* CGPointUtil.swift in Sources */,
				4568F1EE1D8457EC00D70B3E /* AppDelegate.swift in Sources */,
			);
			runOnlyForDeploymentPostprocessing = 0;
		};
/* End PBXSourcesBuildPhase section */

/* Begin PBXVariantGroup section */
		4568F1F51D8457EC00D70B3E /* Main.storyboard */ = {
			isa = PBXVariantGroup;
			children = (
				4568F1F61D8457EC00D70B3E /* Base */,
			);
			name = Main.storyboard;
			sourceTree = "<group>";
		};
		4568F1FA1D8457EC00D70B3E /* LaunchScreen.storyboard */ = {
			isa = PBXVariantGroup;
			children = (
				4568F1FB1D8457EC00D70B3E /* Base */,
			);
			name = LaunchScreen.storyboard;
			sourceTree = "<group>";
		};
/* End PBXVariantGroup section */

/* Begin XCBuildConfiguration section */
		4568F1FE1D8457EC00D70B3E /* Debug */ = {
			isa = XCBuildConfiguration;
			buildSettings = {
				ALWAYS_SEARCH_USER_PATHS = NO;
				CLANG_ANALYZER_NONNULL = YES;
				CLANG_CXX_LANGUAGE_STANDARD = "gnu++0x";
				CLANG_CXX_LIBRARY = "libc++";
				CLANG_ENABLE_MODULES = YES;
				CLANG_ENABLE_OBJC_ARC = YES;
				CLANG_WARN_BOOL_CONVERSION = YES;
				CLANG_WARN_CONSTANT_CONVERSION = YES;
				CLANG_WARN_DIRECT_OBJC_ISA_USAGE = YES_ERROR;
				CLANG_WARN_EMPTY_BODY = YES;
				CLANG_WARN_ENUM_CONVERSION = YES;
				CLANG_WARN_INT_CONVERSION = YES;
				CLANG_WARN_OBJC_ROOT_CLASS = YES_ERROR;
				CLANG_WARN_UNREACHABLE_CODE = YES;
				CLANG_WARN__DUPLICATE_METHOD_MATCH = YES;
				"CODE_SIGN_IDENTITY[sdk=iphoneos*]" = "iPhone Developer";
				COPY_PHASE_STRIP = NO;
				DEBUG_INFORMATION_FORMAT = "dwarf-with-dsym";
				ENABLE_STRICT_OBJC_MSGSEND = YES;
				ENABLE_TESTABILITY = YES;
				GCC_C_LANGUAGE_STANDARD = gnu99;
				GCC_DYNAMIC_NO_PIC = NO;
				GCC_NO_COMMON_BLOCKS = YES;
				GCC_OPTIMIZATION_LEVEL = 0;
				GCC_PREPROCESSOR_DEFINITIONS = (
					"DEBUG=1",
					"$(inherited)",
				);
				GCC_WARN_64_TO_32_BIT_CONVERSION = YES;
				GCC_WARN_ABOUT_RETURN_TYPE = YES_ERROR;
				GCC_WARN_UNDECLARED_SELECTOR = YES;
				GCC_WARN_UNINITIALIZED_AUTOS = YES_AGGRESSIVE;
				GCC_WARN_UNUSED_FUNCTION = YES;
				GCC_WARN_UNUSED_VARIABLE = YES;
				IPHONEOS_DEPLOYMENT_TARGET = 9.3;
				MTL_ENABLE_DEBUG_INFO = YES;
				ONLY_ACTIVE_ARCH = YES;
				SDKROOT = iphoneos;
				SWIFT_OPTIMIZATION_LEVEL = "-Onone";
				TARGETED_DEVICE_FAMILY = "1,2";
			};
			name = Debug;
		};
		4568F1FF1D8457EC00D70B3E /* Release */ = {
			isa = XCBuildConfiguration;
			buildSettings = {
				ALWAYS_SEARCH_USER_PATHS = NO;
				CLANG_ANALYZER_NONNULL = YES;
				CLANG_CXX_LANGUAGE_STANDARD = "gnu++0x";
				CLANG_CXX_LIBRARY = "libc++";
				CLANG_ENABLE_MODULES = YES;
				CLANG_ENABLE_OBJC_ARC = YES;
				CLANG_WARN_BOOL_CONVERSION = YES;
				CLANG_WARN_CONSTANT_CONVERSION = YES;
				CLANG_WARN_DIRECT_OBJC_ISA_USAGE = YES_ERROR;
				CLANG_WARN_EMPTY_BODY = YES;
				CLANG_WARN_ENUM_CONVERSION = YES;
				CLANG_WARN_INT_CONVERSION = YES;
				CLANG_WARN_OBJC_ROOT_CLASS = YES_ERROR;
				CLANG_WARN_UNREACHABLE_CODE = YES;
				CLANG_WARN__DUPLICATE_METHOD_MATCH = YES;
				"CODE_SIGN_IDENTITY[sdk=iphoneos*]" = "iPhone Developer";
				COPY_PHASE_STRIP = NO;
				DEBUG_INFORMATION_FORMAT = "dwarf-with-dsym";
				ENABLE_NS_ASSERTIONS = NO;
				ENABLE_STRICT_OBJC_MSGSEND = YES;
				GCC_C_LANGUAGE_STANDARD = gnu99;
				GCC_NO_COMMON_BLOCKS = YES;
				GCC_WARN_64_TO_32_BIT_CONVERSION = YES;
				GCC_WARN_ABOUT_RETURN_TYPE = YES_ERROR;
				GCC_WARN_UNDECLARED_SELECTOR = YES;
				GCC_WARN_UNINITIALIZED_AUTOS = YES_AGGRESSIVE;
				GCC_WARN_UNUSED_FUNCTION = YES;
				GCC_WARN_UNUSED_VARIABLE = YES;
				IPHONEOS_DEPLOYMENT_TARGET = 9.3;
				MTL_ENABLE_DEBUG_INFO = NO;
				SDKROOT = iphoneos;
				TARGETED_DEVICE_FAMILY = "1,2";
				VALIDATE_PRODUCT = YES;
			};
			name = Release;
		};
		4568F2011D8457EC00D70B3E /* Debug */ = {
			isa = XCBuildConfiguration;
			buildSettings = {
				ASSETCATALOG_COMPILER_APPICON_NAME = AppIcon;
				INFOPLIST_FILE = Oto/Info.plist;
				LD_RUNPATH_SEARCH_PATHS = "$(inherited) @executable_path/Frameworks";
				PRODUCT_BUNDLE_IDENTIFIER = ddc.Oto;
				PRODUCT_NAME = "$(TARGET_NAME)";
			};
			name = Debug;
		};
		4568F2021D8457EC00D70B3E /* Release */ = {
			isa = XCBuildConfiguration;
			buildSettings = {
				ASSETCATALOG_COMPILER_APPICON_NAME = AppIcon;
				INFOPLIST_FILE = Oto/Info.plist;
				LD_RUNPATH_SEARCH_PATHS = "$(inherited) @executable_path/Frameworks";
				PRODUCT_BUNDLE_IDENTIFIER = ddc.Oto;
				PRODUCT_NAME = "$(TARGET_NAME)";
			};
			name = Release;
		};
/* End XCBuildConfiguration section */

/* Begin XCConfigurationList section */
		4568F1E51D8457EC00D70B3E /* Build configuration list for PBXProject "Oto" */ = {
			isa = XCConfigurationList;
			buildConfigurations = (
				4568F1FE1D8457EC00D70B3E /* Debug */,
				4568F1FF1D8457EC00D70B3E /* Release */,
			);
			defaultConfigurationIsVisible = 0;
			defaultConfigurationName = Release;
		};
		4568F2001D8457EC00D70B3E /* Build configuration list for PBXNativeTarget "Oto" */ = {
			isa = XCConfigurationList;
			buildConfigurations = (
				4568F2011D8457EC00D70B3E /* Debug */,
				4568F2021D8457EC00D70B3E /* Release */,
			);
			defaultConfigurationIsVisible = 0;
			defaultConfigurationName = Release;
		};
/* End XCConfigurationList section */
	};
	rootObject = 4568F1E21D8457EC00D70B3E /* Project object */;
}
